// !$*UTF8*$!
{
	archiveVersion = 1;
	classes = {
	};
	objectVersion = 46;
	objects = {

/* Begin PBXBuildFile section */
		9BAE992F19C399FF0033C5C8 /* AppDelegate.swift in Sources */ = {isa = PBXBuildFile; fileRef = 9BAE992E19C399FF0033C5C8 /* AppDelegate.swift */; };
		9BAE993119C399FF0033C5C8 /* ViewController.swift in Sources */ = {isa = PBXBuildFile; fileRef = 9BAE993019C399FF0033C5C8 /* ViewController.swift */; };
		9BAE993419C399FF0033C5C8 /* Main.storyboard in Resources */ = {isa = PBXBuildFile; fileRef = 9BAE993219C399FF0033C5C8 /* Main.storyboard */; };
		9BAE993619C399FF0033C5C8 /* Images.xcassets in Resources */ = {isa = PBXBuildFile; fileRef = 9BAE993519C399FF0033C5C8 /* Images.xcassets */; };
		9BAE993919C399FF0033C5C8 /* LaunchScreen.xib in Resources */ = {isa = PBXBuildFile; fileRef = 9BAE993719C399FF0033C5C8 /* LaunchScreen.xib */; };
		9BAE994519C399FF0033C5C8 /* first_from_userTests.swift in Sources */ = {isa = PBXBuildFile; fileRef = 9BAE994419C399FF0033C5C8 /* first_from_userTests.swift */; };
/* End PBXBuildFile section */

/* Begin PBXContainerItemProxy section */
		9BAE993F19C399FF0033C5C8 /* PBXContainerItemProxy */ = {
			isa = PBXContainerItemProxy;
			containerPortal = 9BAE992119C399FF0033C5C8 /* Project object */;
			proxyType = 1;
			remoteGlobalIDString = 9BAE992819C399FF0033C5C8;
			remoteInfo = first_from_user;
		};
/* End PBXContainerItemProxy section */

/* Begin PBXFileReference section */
		9BAE992919C399FF0033C5C8 /* first_from_user.app */ = {isa = PBXFileReference; explicitFileType = wrapper.application; includeInIndex = 0; path = first_from_user.app; sourceTree = BUILT_PRODUCTS_DIR; };
		9BAE992D19C399FF0033C5C8 /* Info.plist */ = {isa = PBXFileReference; lastKnownFileType = text.plist.xml; path = Info.plist; sourceTree = "<group>"; };
		9BAE992E19C399FF0033C5C8 /* AppDelegate.swift */ = {isa = PBXFileReference; lastKnownFileType = sourcecode.swift; path = AppDelegate.swift; sourceTree = "<group>"; };
		9BAE993019C399FF0033C5C8 /* ViewController.swift */ = {isa = PBXFileReference; lastKnownFileType = sourcecode.swift; path = ViewController.swift; sourceTree = "<group>"; };
		9BAE993319C399FF0033C5C8 /* Base */ = {isa = PBXFileReference; lastKnownFileType = file.storyboard; name = Base; path = Base.lproj/Main.storyboard; sourceTree = "<group>"; };
		9BAE993519C399FF0033C5C8 /* Images.xcassets */ = {isa = PBXFileReference; lastKnownFileType = folder.assetcatalog; path = Images.xcassets; sourceTree = "<group>"; };
		9BAE993819C399FF0033C5C8 /* Base */ = {isa = PBXFileReference; lastKnownFileType = file.xib; name = Base; path = Base.lproj/LaunchScreen.xib; sourceTree = "<group>"; };
		9BAE993E19C399FF0033C5C8 /* first_from_userTests.xctest */ = {isa = PBXFileReference; explicitFileType = wrapper.cfbundle; includeInIndex = 0; path = first_from_userTests.xctest; sourceTree = BUILT_PRODUCTS_DIR; };
		9BAE994319C399FF0033C5C8 /* Info.plist */ = {isa = PBXFileReference; lastKnownFileType = text.plist.xml; path = Info.plist; sourceTree = "<group>"; };
		9BAE994419C399FF0033C5C8 /* first_from_userTests.swift */ = {isa = PBXFileReference; lastKnownFileType = sourcecode.swift; path = first_from_userTests.swift; sourceTree = "<group>"; };
/* End PBXFileReference section */

/* Begin PBXFrameworksBuildPhase section */
		9BAE992619C399FF0033C5C8 /* Frameworks */ = {
			isa = PBXFrameworksBuildPhase;
			buildActionMask = 2147483647;
			files = (
			);
			runOnlyForDeploymentPostprocessing = 0;
		};
		9BAE993B19C399FF0033C5C8 /* Frameworks */ = {
			isa = PBXFrameworksBuildPhase;
			buildActionMask = 2147483647;
			files = (
			);
			runOnlyForDeploymentPostprocessing = 0;
		};
/* End PBXFrameworksBuildPhase section */

/* Begin PBXGroup section */
		9BAE992019C399FF0033C5C8 = {
			isa = PBXGroup;
			children = (
				9BAE992B19C399FF0033C5C8 /* first_from_user */,
				9BAE994119C399FF0033C5C8 /* first_from_userTests */,
				9BAE992A19C399FF0033C5C8 /* Products */,
			);
			sourceTree = "<group>";
		};
		9BAE992A19C399FF0033C5C8 /* Products */ = {
			isa = PBXGroup;
			children = (
				9BAE992919C399FF0033C5C8 /* first_from_user.app */,
				9BAE993E19C399FF0033C5C8 /* first_from_userTests.xctest */,
			);
			name = Products;
			sourceTree = "<group>";
		};
		9BAE992B19C399FF0033C5C8 /* first_from_user */ = {
			isa = PBXGroup;
			children = (
				9BAE992E19C399FF0033C5C8 /* AppDelegate.swift */,
				9BAE993019C399FF0033C5C8 /* ViewController.swift */,
				9BAE993219C399FF0033C5C8 /* Main.storyboard */,
				9BAE993519C399FF0033C5C8 /* Images.xcassets */,
				9BAE993719C399FF0033C5C8 /* LaunchScreen.xib */,
				9BAE992C19C399FF0033C5C8 /* Supporting Files */,
			);
			path = first_from_user;
			sourceTree = "<group>";
		};
		9BAE992C19C399FF0033C5C8 /* Supporting Files */ = {
			isa = PBXGroup;
			children = (
				9BAE992D19C399FF0033C5C8 /* Info.plist */,
			);
			name = "Supporting Files";
			sourceTree = "<group>";
		};
		9BAE994119C399FF0033C5C8 /* first_from_userTests */ = {
			isa = PBXGroup;
			children = (
				9BAE994419C399FF0033C5C8 /* first_from_userTests.swift */,
				9BAE994219C399FF0033C5C8 /* Supporting Files */,
			);
			path = first_from_userTests;
			sourceTree = "<group>";
		};
		9BAE994219C399FF0033C5C8 /* Supporting Files */ = {
			isa = PBXGroup;
			children = (
				9BAE994319C399FF0033C5C8 /* Info.plist */,
			);
			name = "Supporting Files";
			sourceTree = "<group>";
		};
/* End PBXGroup section */

/* Begin PBXNativeTarget section */
		9BAE992819C399FF0033C5C8 /* first_from_user */ = {
			isa = PBXNativeTarget;
			buildConfigurationList = 9BAE994819C399FF0033C5C8 /* Build configuration list for PBXNativeTarget "first_from_user" */;
			buildPhases = (
				9BAE992519C399FF0033C5C8 /* Sources */,
				9BAE992619C399FF0033C5C8 /* Frameworks */,
				9BAE992719C399FF0033C5C8 /* Resources */,
			);
			buildRules = (
			);
			dependencies = (
			);
			name = first_from_user;
			productName = first_from_user;
			productReference = 9BAE992919C399FF0033C5C8 /* first_from_user.app */;
			productType = "com.apple.product-type.application";
		};
		9BAE993D19C399FF0033C5C8 /* first_from_userTests */ = {
			isa = PBXNativeTarget;
			buildConfigurationList = 9BAE994B19C399FF0033C5C8 /* Build configuration list for PBXNativeTarget "first_from_userTests" */;
			buildPhases = (
				9BAE993A19C399FF0033C5C8 /* Sources */,
				9BAE993B19C399FF0033C5C8 /* Frameworks */,
				9BAE993C19C399FF0033C5C8 /* Resources */,
			);
			buildRules = (
			);
			dependencies = (
				9BAE994019C399FF0033C5C8 /* PBXTargetDependency */,
			);
			name = first_from_userTests;
			productName = first_from_userTests;
			productReference = 9BAE993E19C399FF0033C5C8 /* first_from_userTests.xctest */;
			productType = "com.apple.product-type.bundle.unit-test";
		};
/* End PBXNativeTarget section */

/* Begin PBXProject section */
		9BAE992119C399FF0033C5C8 /* Project object */ = {
			isa = PBXProject;
			attributes = {
				LastUpgradeCheck = 0600;
				ORGANIZATIONNAME = "Lee Barney";
				TargetAttributes = {
					9BAE992819C399FF0033C5C8 = {
						CreatedOnToolsVersion = 6.0;
					};
					9BAE993D19C399FF0033C5C8 = {
						CreatedOnToolsVersion = 6.0;
						TestTargetID = 9BAE992819C399FF0033C5C8;
					};
				};
			};
			buildConfigurationList = 9BAE992419C399FF0033C5C8 /* Build configuration list for PBXProject "first_from_user" */;
			compatibilityVersion = "Xcode 3.2";
			developmentRegion = English;
			hasScannedForEncodings = 0;
			knownRegions = (
				en,
				Base,
			);
			mainGroup = 9BAE992019C399FF0033C5C8;
			productRefGroup = 9BAE992A19C399FF0033C5C8 /* Products */;
			projectDirPath = "";
			projectRoot = "";
			targets = (
				9BAE992819C399FF0033C5C8 /* first_from_user */,
				9BAE993D19C399FF0033C5C8 /* first_from_userTests */,
			);
		};
/* End PBXProject section */

/* Begin PBXResourcesBuildPhase section */
		9BAE992719C399FF0033C5C8 /* Resources */ = {
			isa = PBXResourcesBuildPhase;
			buildActionMask = 2147483647;
			files = (
				9BAE993419C399FF0033C5C8 /* Main.storyboard in Resources */,
				9BAE993919C399FF0033C5C8 /* LaunchScreen.xib in Resources */,
				9BAE993619C399FF0033C5C8 /* Images.xcassets in Resources */,
			);
			runOnlyForDeploymentPostprocessing = 0;
		};
		9BAE993C19C399FF0033C5C8 /* Resources */ = {
			isa = PBXResourcesBuildPhase;
			buildActionMask = 2147483647;
			files = (
			);
			runOnlyForDeploymentPostprocessing = 0;
		};
/* End PBXResourcesBuildPhase section */

/* Begin PBXSourcesBuildPhase section */
		9BAE992519C399FF0033C5C8 /* Sources */ = {
			isa = PBXSourcesBuildPhase;
			buildActionMask = 2147483647;
			files = (
				9BAE993119C399FF0033C5C8 /* ViewController.swift in Sources */,
				9BAE992F19C399FF0033C5C8 /* AppDelegate.swift in Sources */,
			);
			runOnlyForDeploymentPostprocessing = 0;
		};
		9BAE993A19C399FF0033C5C8 /* Sources */ = {
			isa = PBXSourcesBuildPhase;
			buildActionMask = 2147483647;
			files = (
				9BAE994519C399FF0033C5C8 /* first_from_userTests.swift in Sources */,
			);
			runOnlyForDeploymentPostprocessing = 0;
		};
/* End PBXSourcesBuildPhase section */

/* Begin PBXTargetDependency section */
		9BAE994019C399FF0033C5C8 /* PBXTargetDependency */ = {
			isa = PBXTargetDependency;
			target = 9BAE992819C399FF0033C5C8 /* first_from_user */;
			targetProxy = 9BAE993F19C399FF0033C5C8 /* PBXContainerItemProxy */;
		};
/* End PBXTargetDependency section */

/* Begin PBXVariantGroup section */
		9BAE993219C399FF0033C5C8 /* Main.storyboard */ = {
			isa = PBXVariantGroup;
			children = (
				9BAE993319C399FF0033C5C8 /* Base */,
			);
			name = Main.storyboard;
			sourceTree = "<group>";
		};
		9BAE993719C399FF0033C5C8 /* LaunchScreen.xib */ = {
			isa = PBXVariantGroup;
			children = (
				9BAE993819C399FF0033C5C8 /* Base */,
			);
			name = LaunchScreen.xib;
			sourceTree = "<group>";
		};
/* End PBXVariantGroup section */

/* Begin XCBuildConfiguration section */
		9BAE994619C399FF0033C5C8 /* Debug */ = {
			isa = XCBuildConfiguration;
			buildSettings = {
				ALWAYS_SEARCH_USER_PATHS = NO;
				CLANG_CXX_LANGUAGE_STANDARD = "gnu++0x";
				CLANG_CXX_LIBRARY = "libc++";
				CLANG_ENABLE_MODULES = YES;
				CLANG_ENABLE_OBJC_ARC = YES;
				CLANG_WARN_BOOL_CONVERSION = YES;
				CLANG_WARN_CONSTANT_CONVERSION = YES;
				CLANG_WARN_DIRECT_OBJC_ISA_USAGE = YES_ERROR;
				CLANG_WARN_EMPTY_BODY = YES;
				CLANG_WARN_ENUM_CONVERSION = YES;
				CLANG_WARN_INT_CONVERSION = YES;
				CLANG_WARN_OBJC_ROOT_CLASS = YES_ERROR;
				CLANG_WARN_UNREACHABLE_CODE = YES;
				CLANG_WARN__DUPLICATE_METHOD_MATCH = YES;
				"CODE_SIGN_IDENTITY[sdk=iphoneos*]" = "iPhone Developer";
				COPY_PHASE_STRIP = NO;
				ENABLE_STRICT_OBJC_MSGSEND = YES;
				GCC_C_LANGUAGE_STANDARD = gnu99;
				GCC_DYNAMIC_NO_PIC = NO;
				GCC_OPTIMIZATION_LEVEL = 0;
				GCC_PREPROCESSOR_DEFINITIONS = (
					"DEBUG=1",
					"$(inherited)",
				);
				GCC_SYMBOLS_PRIVATE_EXTERN = NO;
				GCC_WARN_64_TO_32_BIT_CONVERSION = YES;
				GCC_WARN_ABOUT_RETURN_TYPE = YES_ERROR;
				GCC_WARN_UNDECLARED_SELECTOR = YES;
				GCC_WARN_UNINITIALIZED_AUTOS = YES_AGGRESSIVE;
				GCC_WARN_UNUSED_FUNCTION = YES;
				GCC_WARN_UNUSED_VARIABLE = YES;
				IPHONEOS_DEPLOYMENT_TARGET = 8.0;
				MTL_ENABLE_DEBUG_INFO = YES;
				ONLY_ACTIVE_ARCH = YES;
				SDKROOT = iphoneos;
				SWIFT_OPTIMIZATION_LEVEL = "-Onone";
			};
			name = Debug;
		};
		9BAE994719C399FF0033C5C8 /* Release */ = {
			isa = XCBuildConfiguration;
			buildSettings = {
				ALWAYS_SEARCH_USER_PATHS = NO;
				CLANG_CXX_LANGUAGE_STANDARD = "gnu++0x";
				CLANG_CXX_LIBRARY = "libc++";
				CLANG_ENABLE_MODULES = YES;
				CLANG_ENABLE_OBJC_ARC = YES;
				CLANG_WARN_BOOL_CONVERSION = YES;
				CLANG_WARN_CONSTANT_CONVERSION = YES;
				CLANG_WARN_DIRECT_OBJC_ISA_USAGE = YES_ERROR;
				CLANG_WARN_EMPTY_BODY = YES;
				CLANG_WARN_ENUM_CONVERSION = YES;
				CLANG_WARN_INT_CONVERSION = YES;
				CLANG_WARN_OBJC_ROOT_CLASS = YES_ERROR;
				CLANG_WARN_UNREACHABLE_CODE = YES;
				CLANG_WARN__DUPLICATE_METHOD_MATCH = YES;
				"CODE_SIGN_IDENTITY[sdk=iphoneos*]" = "iPhone Developer";
				COPY_PHASE_STRIP = YES;
				ENABLE_NS_ASSERTIONS = NO;
				ENABLE_STRICT_OBJC_MSGSEND = YES;
				GCC_C_LANGUAGE_STANDARD = gnu99;
				GCC_WARN_64_TO_32_BIT_CONVERSION = YES;
				GCC_WARN_ABOUT_RETURN_TYPE = YES_ERROR;
				GCC_WARN_UNDECLARED_SELECTOR = YES;
				GCC_WARN_UNINITIALIZED_AUTOS = YES_AGGRESSIVE;
				GCC_WARN_UNUSED_FUNCTION = YES;
				GCC_WARN_UNUSED_VARIABLE = YES;
				IPHONEOS_DEPLOYMENT_TARGET = 8.0;
				MTL_ENABLE_DEBUG_INFO = NO;
				SDKROOT = iphoneos;
				VALIDATE_PRODUCT = YES;
			};
			name = Release;
		};
		9BAE994919C399FF0033C5C8 /* Debug */ = {
			isa = XCBuildConfiguration;
			buildSettings = {
				ASSETCATALOG_COMPILER_APPICON_NAME = AppIcon;
				INFOPLIST_FILE = first_from_user/Info.plist;
				LD_RUNPATH_SEARCH_PATHS = "$(inherited) @executable_path/Frameworks";
				PRODUCT_NAME = "$(TARGET_NAME)";
			};
			name = Debug;
		};
		9BAE994A19C399FF0033C5C8 /* Release */ = {
			isa = XCBuildConfiguration;
			buildSettings = {
				ASSETCATALOG_COMPILER_APPICON_NAME = AppIcon;
				INFOPLIST_FILE = first_from_user/Info.plist;
				LD_RUNPATH_SEARCH_PATHS = "$(inherited) @executable_path/Frameworks";
				PRODUCT_NAME = "$(TARGET_NAME)";
			};
			name = Release;
		};
		9BAE994C19C399FF0033C5C8 /* Debug */ = {
			isa = XCBuildConfiguration;
			buildSettings = {
				BUNDLE_LOADER = "$(TEST_HOST)";
				FRAMEWORK_SEARCH_PATHS = (
					"$(SDKROOT)/Developer/Library/Frameworks",
					"$(inherited)",
				);
				GCC_PREPROCESSOR_DEFINITIONS = (
					"DEBUG=1",
					"$(inherited)",
				);
				INFOPLIST_FILE = first_from_userTests/Info.plist;
				LD_RUNPATH_SEARCH_PATHS = "$(inherited) @executable_path/Frameworks @loader_path/Frameworks";
				PRODUCT_NAME = "$(TARGET_NAME)";
				TEST_HOST = "$(BUILT_PRODUCTS_DIR)/first_from_user.app/first_from_user";
			};
			name = Debug;
		};
		9BAE994D19C399FF0033C5C8 /* Release */ = {
			isa = XCBuildConfiguration;
			buildSettings = {
				BUNDLE_LOADER = "$(TEST_HOST)";
				FRAMEWORK_SEARCH_PATHS = (
					"$(SDKROOT)/Developer/Library/Frameworks",
					"$(inherited)",
				);
				INFOPLIST_FILE = first_from_userTests/Info.plist;
				LD_RUNPATH_SEARCH_PATHS = "$(inherited) @executable_path/Frameworks @loader_path/Frameworks";
				PRODUCT_NAME = "$(TARGET_NAME)";
				TEST_HOST = "$(BUILT_PRODUCTS_DIR)/first_from_user.app/first_from_user";
			};
			name = Release;
		};
/* End XCBuildConfiguration section */

/* Begin XCConfigurationList section */
		9BAE992419C399FF0033C5C8 /* Build configuration list for PBXProject "first_from_user" */ = {
			isa = XCConfigurationList;
			buildConfigurations = (
				9BAE994619C399FF0033C5C8 /* Debug */,
				9BAE994719C399FF0033C5C8 /* Release */,
			);
			defaultConfigurationIsVisible = 0;
			defaultConfigurationName = Release;
		};
		9BAE994819C399FF0033C5C8 /* Build configuration list for PBXNativeTarget "first_from_user" */ = {
			isa = XCConfigurationList;
			buildConfigurations = (
				9BAE994919C399FF0033C5C8 /* Debug */,
				9BAE994A19C399FF0033C5C8 /* Release */,
			);
			defaultConfigurationIsVisible = 0;
		};
		9BAE994B19C399FF0033C5C8 /* Build configuration list for PBXNativeTarget "first_from_userTests" */ = {
			isa = XCConfigurationList;
			buildConfigurations = (
				9BAE994C19C399FF0033C5C8 /* Debug */,
				9BAE994D19C399FF0033C5C8 /* Release */,
			);
			defaultConfigurationIsVisible = 0;
		};
/* End XCConfigurationList section */
	};
	rootObject = 9BAE992119C399FF0033C5C8 /* Project object */;
}
